// !$*UTF8*$!
{
	archiveVersion = 1;
	classes = {
	};
	objectVersion = 51;
	objects = {

/* Begin PBXBuildFile section */
		1D8D767BD62469ADF428D7ED /* Pods_Choizi.framework in Frameworks */ = {isa = PBXBuildFile; fileRef = 2287FAF496F45A19AF014A3C /* Pods_Choizi.framework */; };
		C0095E3524D07E8D0000B1EC /* AppDelegate.swift in Sources */ = {isa = PBXBuildFile; fileRef = C0095E3424D07E8D0000B1EC /* AppDelegate.swift */; };
		C0095E3724D07E8D0000B1EC /* SceneDelegate.swift in Sources */ = {isa = PBXBuildFile; fileRef = C0095E3624D07E8D0000B1EC /* SceneDelegate.swift */; };
		C0095E3E24D07E940000B1EC /* Assets.xcassets in Resources */ = {isa = PBXBuildFile; fileRef = C0095E3D24D07E940000B1EC /* Assets.xcassets */; };
		C0095E4124D07E940000B1EC /* LaunchScreen.storyboard in Resources */ = {isa = PBXBuildFile; fileRef = C0095E3F24D07E940000B1EC /* LaunchScreen.storyboard */; };
		C0095E5024D07F6B0000B1EC /* Home.swift in Sources */ = {isa = PBXBuildFile; fileRef = C0095E4F24D07F6B0000B1EC /* Home.swift */; };
		C0095E5224D0E0D70000B1EC /* HomeNavBar.swift in Sources */ = {isa = PBXBuildFile; fileRef = C0095E5124D0E0D70000B1EC /* HomeNavBar.swift */; };
		C0095E5424D0E4090000B1EC /* View.swift in Sources */ = {isa = PBXBuildFile; fileRef = C0095E5324D0E4090000B1EC /* View.swift */; };
		C0095E5624D0F3DB0000B1EC /* FooterHomeBar.swift in Sources */ = {isa = PBXBuildFile; fileRef = C0095E5524D0F3DB0000B1EC /* FooterHomeBar.swift */; };
		C0095E5824D108260000B1EC /* Card.swift in Sources */ = {isa = PBXBuildFile; fileRef = C0095E5724D108260000B1EC /* Card.swift */; };
		C03C4EE024F89C4B00475B4D /* SegmentBar.swift in Sources */ = {isa = PBXBuildFile; fileRef = C03C4EDF24F89C4B00475B4D /* SegmentBar.swift */; };
		C05EE6B324D8860C00C08BA8 /* User.swift in Sources */ = {isa = PBXBuildFile; fileRef = C05EE6B224D8860C00C08BA8 /* User.swift */; };
		C05EE6B524D8883D00C08BA8 /* CardViewModel.swift in Sources */ = {isa = PBXBuildFile; fileRef = C05EE6B424D8883D00C08BA8 /* CardViewModel.swift */; };
		C05EE6B824D8C41E00C08BA8 /* Login.swift in Sources */ = {isa = PBXBuildFile; fileRef = C05EE6B724D8C41D00C08BA8 /* Login.swift */; };
		C05EE6BA24D8C44200C08BA8 /* SingUp.swift in Sources */ = {isa = PBXBuildFile; fileRef = C05EE6B924D8C44200C08BA8 /* SingUp.swift */; };
		C05EE6BC24DB223A00C08BA8 /* AuthViewModel.swift in Sources */ = {isa = PBXBuildFile; fileRef = C05EE6BB24DB223A00C08BA8 /* AuthViewModel.swift */; };
		C06FCF0024F368DD00DDC078 /* Conversation.swift in Sources */ = {isa = PBXBuildFile; fileRef = C06FCEFF24F368DD00DDC078 /* Conversation.swift */; };
		C0A377CF24EEC2CB001BA545 /* GoogleService-Info.plist in Resources */ = {isa = PBXBuildFile; fileRef = C0A377CE24EEC2CB001BA545 /* GoogleService-Info.plist */; };
		C0A377D124EEC8FB001BA545 /* AuthenticationService.swift in Sources */ = {isa = PBXBuildFile; fileRef = C0A377D024EEC8FB001BA545 /* AuthenticationService.swift */; };
		C0A377D324EEC93D001BA545 /* UserCredential.swift in Sources */ = {isa = PBXBuildFile; fileRef = C0A377D224EEC93D001BA545 /* UserCredential.swift */; };
		C0A377D524EED660001BA545 /* Service.swift in Sources */ = {isa = PBXBuildFile; fileRef = C0A377D424EED660001BA545 /* Service.swift */; };
		C0ADE19924F16E73009183A0 /* SettingHeader.swift in Sources */ = {isa = PBXBuildFile; fileRef = C0ADE19824F16E73009183A0 /* SettingHeader.swift */; };
		C0ADE19B24F19C04009183A0 /* SettingCell.swift in Sources */ = {isa = PBXBuildFile; fileRef = C0ADE19A24F19C04009183A0 /* SettingCell.swift */; };
		C0ADE19D24F19D97009183A0 /* SettingViewModel.swift in Sources */ = {isa = PBXBuildFile; fileRef = C0ADE19C24F19D97009183A0 /* SettingViewModel.swift */; };
		C0B430A524FEBEDA004BFFC5 /* MatchView.swift in Sources */ = {isa = PBXBuildFile; fileRef = C0B430A424FEBEDA004BFFC5 /* MatchView.swift */; };
		C0EA2B3624F019AD0034154B /* Buttons.swift in Sources */ = {isa = PBXBuildFile; fileRef = C0EA2B3524F019AD0034154B /* Buttons.swift */; };
		C0EA2B3824F019D80034154B /* TextField.swift in Sources */ = {isa = PBXBuildFile; fileRef = C0EA2B3724F019D80034154B /* TextField.swift */; };
		C0EA2B3A24F01A220034154B /* Constants.swift in Sources */ = {isa = PBXBuildFile; fileRef = C0EA2B3924F01A220034154B /* Constants.swift */; };
		C0EA2B3C24F092510034154B /* Setting.swift in Sources */ = {isa = PBXBuildFile; fileRef = C0EA2B3B24F092510034154B /* Setting.swift */; };
		C0F1CF4D24F49EEA0052488D /* SettingFooter.swift in Sources */ = {isa = PBXBuildFile; fileRef = C0F1CF4C24F49EEA0052488D /* SettingFooter.swift */; };
		C0F1CF5124F584410052488D /* Color.swift in Sources */ = {isa = PBXBuildFile; fileRef = C0F1CF5024F584410052488D /* Color.swift */; };
		C0F1CF5324F5905D0052488D /* Profile.swift in Sources */ = {isa = PBXBuildFile; fileRef = C0F1CF5224F5905D0052488D /* Profile.swift */; };
		C0F1CF5524F6B5D60052488D /* ProfileCell.swift in Sources */ = {isa = PBXBuildFile; fileRef = C0F1CF5424F6B5D60052488D /* ProfileCell.swift */; };
		C0F1CF5724F6D0FF0052488D /* ProfileViewModel.swift in Sources */ = {isa = PBXBuildFile; fileRef = C0F1CF5624F6D0FF0052488D /* ProfileViewModel.swift */; };
/* End PBXBuildFile section */

/* Begin PBXFileReference section */
		2287FAF496F45A19AF014A3C /* Pods_Choizi.framework */ = {isa = PBXFileReference; explicitFileType = wrapper.framework; includeInIndex = 0; path = Pods_Choizi.framework; sourceTree = BUILT_PRODUCTS_DIR; };
		45293F00339A7ADD36139E43 /* Pods-Choizi.release.xcconfig */ = {isa = PBXFileReference; includeInIndex = 1; lastKnownFileType = text.xcconfig; name = "Pods-Choizi.release.xcconfig"; path = "Target Support Files/Pods-Choizi/Pods-Choizi.release.xcconfig"; sourceTree = "<group>"; };
		AD109EBA9D5D2F2B51DC6940 /* Pods-Choizi.debug.xcconfig */ = {isa = PBXFileReference; includeInIndex = 1; lastKnownFileType = text.xcconfig; name = "Pods-Choizi.debug.xcconfig"; path = "Target Support Files/Pods-Choizi/Pods-Choizi.debug.xcconfig"; sourceTree = "<group>"; };
		C0095E3124D07E8D0000B1EC /* Choizi.app */ = {isa = PBXFileReference; explicitFileType = wrapper.application; includeInIndex = 0; path = Choizi.app; sourceTree = BUILT_PRODUCTS_DIR; };
		C0095E3424D07E8D0000B1EC /* AppDelegate.swift */ = {isa = PBXFileReference; lastKnownFileType = sourcecode.swift; path = AppDelegate.swift; sourceTree = "<group>"; };
		C0095E3624D07E8D0000B1EC /* SceneDelegate.swift */ = {isa = PBXFileReference; lastKnownFileType = sourcecode.swift; path = SceneDelegate.swift; sourceTree = "<group>"; };
		C0095E3D24D07E940000B1EC /* Assets.xcassets */ = {isa = PBXFileReference; lastKnownFileType = folder.assetcatalog; path = Assets.xcassets; sourceTree = "<group>"; };
		C0095E4024D07E940000B1EC /* Base */ = {isa = PBXFileReference; lastKnownFileType = file.storyboard; name = Base; path = Base.lproj/LaunchScreen.storyboard; sourceTree = "<group>"; };
		C0095E4224D07E940000B1EC /* Info.plist */ = {isa = PBXFileReference; lastKnownFileType = text.plist.xml; path = Info.plist; sourceTree = "<group>"; };
		C0095E4F24D07F6B0000B1EC /* Home.swift */ = {isa = PBXFileReference; lastKnownFileType = sourcecode.swift; path = Home.swift; sourceTree = "<group>"; };
		C0095E5124D0E0D70000B1EC /* HomeNavBar.swift */ = {isa = PBXFileReference; lastKnownFileType = sourcecode.swift; path = HomeNavBar.swift; sourceTree = "<group>"; };
		C0095E5324D0E4090000B1EC /* View.swift */ = {isa = PBXFileReference; lastKnownFileType = sourcecode.swift; path = View.swift; sourceTree = "<group>"; };
		C0095E5524D0F3DB0000B1EC /* FooterHomeBar.swift */ = {isa = PBXFileReference; lastKnownFileType = sourcecode.swift; path = FooterHomeBar.swift; sourceTree = "<group>"; };
		C0095E5724D108260000B1EC /* Card.swift */ = {isa = PBXFileReference; lastKnownFileType = sourcecode.swift; path = Card.swift; sourceTree = "<group>"; };
		C03C4EDF24F89C4B00475B4D /* SegmentBar.swift */ = {isa = PBXFileReference; lastKnownFileType = sourcecode.swift; path = SegmentBar.swift; sourceTree = "<group>"; };
		C05EE6B224D8860C00C08BA8 /* User.swift */ = {isa = PBXFileReference; lastKnownFileType = sourcecode.swift; path = User.swift; sourceTree = "<group>"; };
		C05EE6B424D8883D00C08BA8 /* CardViewModel.swift */ = {isa = PBXFileReference; lastKnownFileType = sourcecode.swift; path = CardViewModel.swift; sourceTree = "<group>"; };
		C05EE6B724D8C41D00C08BA8 /* Login.swift */ = {isa = PBXFileReference; lastKnownFileType = sourcecode.swift; path = Login.swift; sourceTree = "<group>"; };
		C05EE6B924D8C44200C08BA8 /* SingUp.swift */ = {isa = PBXFileReference; lastKnownFileType = sourcecode.swift; path = SingUp.swift; sourceTree = "<group>"; };
		C05EE6BB24DB223A00C08BA8 /* AuthViewModel.swift */ = {isa = PBXFileReference; lastKnownFileType = sourcecode.swift; path = AuthViewModel.swift; sourceTree = "<group>"; };
		C06FCEFF24F368DD00DDC078 /* Conversation.swift */ = {isa = PBXFileReference; lastKnownFileType = sourcecode.swift; path = Conversation.swift; sourceTree = "<group>"; };
		C0A377CE24EEC2CB001BA545 /* GoogleService-Info.plist */ = {isa = PBXFileReference; fileEncoding = 4; lastKnownFileType = text.plist.xml; path = "GoogleService-Info.plist"; sourceTree = "<group>"; };
		C0A377D024EEC8FB001BA545 /* AuthenticationService.swift */ = {isa = PBXFileReference; lastKnownFileType = sourcecode.swift; path = AuthenticationService.swift; sourceTree = "<group>"; };
		C0A377D224EEC93D001BA545 /* UserCredential.swift */ = {isa = PBXFileReference; lastKnownFileType = sourcecode.swift; path = UserCredential.swift; sourceTree = "<group>"; };
		C0A377D424EED660001BA545 /* Service.swift */ = {isa = PBXFileReference; lastKnownFileType = sourcecode.swift; path = Service.swift; sourceTree = "<group>"; };
		C0ADE19824F16E73009183A0 /* SettingHeader.swift */ = {isa = PBXFileReference; lastKnownFileType = sourcecode.swift; path = SettingHeader.swift; sourceTree = "<group>"; };
		C0ADE19A24F19C04009183A0 /* SettingCell.swift */ = {isa = PBXFileReference; lastKnownFileType = sourcecode.swift; path = SettingCell.swift; sourceTree = "<group>"; };
		C0ADE19C24F19D97009183A0 /* SettingViewModel.swift */ = {isa = PBXFileReference; lastKnownFileType = sourcecode.swift; path = SettingViewModel.swift; sourceTree = "<group>"; };
		C0B430A424FEBEDA004BFFC5 /* MatchView.swift */ = {isa = PBXFileReference; lastKnownFileType = sourcecode.swift; path = MatchView.swift; sourceTree = "<group>"; };
		C0EA2B3524F019AD0034154B /* Buttons.swift */ = {isa = PBXFileReference; lastKnownFileType = sourcecode.swift; path = Buttons.swift; sourceTree = "<group>"; };
		C0EA2B3724F019D80034154B /* TextField.swift */ = {isa = PBXFileReference; lastKnownFileType = sourcecode.swift; path = TextField.swift; sourceTree = "<group>"; };
		C0EA2B3924F01A220034154B /* Constants.swift */ = {isa = PBXFileReference; lastKnownFileType = sourcecode.swift; path = Constants.swift; sourceTree = "<group>"; };
		C0EA2B3B24F092510034154B /* Setting.swift */ = {isa = PBXFileReference; lastKnownFileType = sourcecode.swift; path = Setting.swift; sourceTree = "<group>"; };
		C0F1CF4C24F49EEA0052488D /* SettingFooter.swift */ = {isa = PBXFileReference; lastKnownFileType = sourcecode.swift; path = SettingFooter.swift; sourceTree = "<group>"; };
		C0F1CF5024F584410052488D /* Color.swift */ = {isa = PBXFileReference; lastKnownFileType = sourcecode.swift; path = Color.swift; sourceTree = "<group>"; };
		C0F1CF5224F5905D0052488D /* Profile.swift */ = {isa = PBXFileReference; lastKnownFileType = sourcecode.swift; path = Profile.swift; sourceTree = "<group>"; };
		C0F1CF5424F6B5D60052488D /* ProfileCell.swift */ = {isa = PBXFileReference; lastKnownFileType = sourcecode.swift; path = ProfileCell.swift; sourceTree = "<group>"; };
		C0F1CF5624F6D0FF0052488D /* ProfileViewModel.swift */ = {isa = PBXFileReference; lastKnownFileType = sourcecode.swift; path = ProfileViewModel.swift; sourceTree = "<group>"; };
/* End PBXFileReference section */

/* Begin PBXFrameworksBuildPhase section */
		C0095E2E24D07E8D0000B1EC /* Frameworks */ = {
			isa = PBXFrameworksBuildPhase;
			buildActionMask = 2147483647;
			files = (
				1D8D767BD62469ADF428D7ED /* Pods_Choizi.framework in Frameworks */,
			);
			runOnlyForDeploymentPostprocessing = 0;
		};
/* End PBXFrameworksBuildPhase section */

/* Begin PBXGroup section */
		088502D9831A13CC2C82517B /* Pods */ = {
			isa = PBXGroup;
			children = (
				AD109EBA9D5D2F2B51DC6940 /* Pods-Choizi.debug.xcconfig */,
				45293F00339A7ADD36139E43 /* Pods-Choizi.release.xcconfig */,
			);
			path = Pods;
			sourceTree = "<group>";
		};
		C0095E2824D07E8D0000B1EC = {
			isa = PBXGroup;
			children = (
				C0095E3324D07E8D0000B1EC /* Choizi */,
				C0095E3224D07E8D0000B1EC /* Products */,
				088502D9831A13CC2C82517B /* Pods */,
				C459DB70D2FE7FC36F9E146B /* Frameworks */,
			);
			sourceTree = "<group>";
		};
		C0095E3224D07E8D0000B1EC /* Products */ = {
			isa = PBXGroup;
			children = (
				C0095E3124D07E8D0000B1EC /* Choizi.app */,
			);
			name = Products;
			sourceTree = "<group>";
		};
		C0095E3324D07E8D0000B1EC /* Choizi */ = {
			isa = PBXGroup;
			children = (
				C0095E3424D07E8D0000B1EC /* AppDelegate.swift */,
				C0095E3624D07E8D0000B1EC /* SceneDelegate.swift */,
				C0095E4824D07EF20000B1EC /* Model */,
				C0095E4924D07F040000B1EC /* View */,
				C0095E4B24D07F190000B1EC /* ViewModel */,
				C0095E4C24D07F200000B1EC /* Controllers */,
				C0095E4D24D07F290000B1EC /* APIS */,
				C0095E4E24D07F2F0000B1EC /* Extensions */,
				C0095E3D24D07E940000B1EC /* Assets.xcassets */,
				C0095E3F24D07E940000B1EC /* LaunchScreen.storyboard */,
				C0095E4224D07E940000B1EC /* Info.plist */,
				C0A377CE24EEC2CB001BA545 /* GoogleService-Info.plist */,
			);
			path = Choizi;
			sourceTree = "<group>";
		};
		C0095E4824D07EF20000B1EC /* Model */ = {
			isa = PBXGroup;
			children = (
				C05EE6B224D8860C00C08BA8 /* User.swift */,
				C0A377D224EEC93D001BA545 /* UserCredential.swift */,
				C0EA2B3924F01A220034154B /* Constants.swift */,
			);
			path = Model;
			sourceTree = "<group>";
		};
		C0095E4924D07F040000B1EC /* View */ = {
			isa = PBXGroup;
			children = (
				C0F1CF4B24F49EC90052488D /* Setting */,
				C0095E5124D0E0D70000B1EC /* HomeNavBar.swift */,
				C0095E5524D0F3DB0000B1EC /* FooterHomeBar.swift */,
				C0095E5724D108260000B1EC /* Card.swift */,
				C0F1CF5424F6B5D60052488D /* ProfileCell.swift */,
				C03C4EDF24F89C4B00475B4D /* SegmentBar.swift */,
				C0B430A424FEBEDA004BFFC5 /* MatchView.swift */,
			);
			path = View;
			sourceTree = "<group>";
		};
		C0095E4B24D07F190000B1EC /* ViewModel */ = {
			isa = PBXGroup;
			children = (
				C05EE6B424D8883D00C08BA8 /* CardViewModel.swift */,
				C05EE6BB24DB223A00C08BA8 /* AuthViewModel.swift */,
				C0F1CF5624F6D0FF0052488D /* ProfileViewModel.swift */,
				C0ADE19C24F19D97009183A0 /* SettingViewModel.swift */,
			);
			path = ViewModel;
			sourceTree = "<group>";
		};
		C0095E4C24D07F200000B1EC /* Controllers */ = {
			isa = PBXGroup;
			children = (
				C05EE6B624D8C40500C08BA8 /* Authentication */,
				C0095E4F24D07F6B0000B1EC /* Home.swift */,
				C0EA2B3B24F092510034154B /* Setting.swift */,
				C0F1CF5224F5905D0052488D /* Profile.swift */,
				C06FCEFF24F368DD00DDC078 /* Conversation.swift */,
			);
			path = Controllers;
			sourceTree = "<group>";
		};
		C0095E4D24D07F290000B1EC /* APIS */ = {
			isa = PBXGroup;
			children = (
				C0A377D024EEC8FB001BA545 /* AuthenticationService.swift */,
				C0A377D424EED660001BA545 /* Service.swift */,
			);
			path = APIS;
			sourceTree = "<group>";
		};
		C0095E4E24D07F2F0000B1EC /* Extensions */ = {
			isa = PBXGroup;
			children = (
				C0095E5324D0E4090000B1EC /* View.swift */,
				C0EA2B3524F019AD0034154B /* Buttons.swift */,
				C0F1CF5024F584410052488D /* Color.swift */,
				C0EA2B3724F019D80034154B /* TextField.swift */,
			);
			path = Extensions;
			sourceTree = "<group>";
		};
		C05EE6B624D8C40500C08BA8 /* Authentication */ = {
			isa = PBXGroup;
			children = (
				C05EE6B724D8C41D00C08BA8 /* Login.swift */,
				C05EE6B924D8C44200C08BA8 /* SingUp.swift */,
			);
			path = Authentication;
			sourceTree = "<group>";
		};
		C0F1CF4B24F49EC90052488D /* Setting */ = {
			isa = PBXGroup;
			children = (
				C0ADE19824F16E73009183A0 /* SettingHeader.swift */,
				C0ADE19A24F19C04009183A0 /* SettingCell.swift */,
				C0F1CF4C24F49EEA0052488D /* SettingFooter.swift */,
			);
			path = Setting;
			sourceTree = "<group>";
		};
		C459DB70D2FE7FC36F9E146B /* Frameworks */ = {
			isa = PBXGroup;
			children = (
				2287FAF496F45A19AF014A3C /* Pods_Choizi.framework */,
			);
			name = Frameworks;
			sourceTree = "<group>";
		};
/* End PBXGroup section */

/* Begin PBXNativeTarget section */
		C0095E3024D07E8D0000B1EC /* Choizi */ = {
			isa = PBXNativeTarget;
			buildConfigurationList = C0095E4524D07E940000B1EC /* Build configuration list for PBXNativeTarget "Choizi" */;
			buildPhases = (
				9BC70D0E743AF3D1310C7830 /* [CP] Check Pods Manifest.lock */,
				C0095E2D24D07E8D0000B1EC /* Sources */,
				C0095E2E24D07E8D0000B1EC /* Frameworks */,
				C0095E2F24D07E8D0000B1EC /* Resources */,
				0EF36B231333729FB60C3E7F /* [CP] Embed Pods Frameworks */,
			);
			buildRules = (
			);
			dependencies = (
			);
			name = Choizi;
			productName = Choizi;
			productReference = C0095E3124D07E8D0000B1EC /* Choizi.app */;
			productType = "com.apple.product-type.application";
		};
/* End PBXNativeTarget section */

/* Begin PBXProject section */
		C0095E2924D07E8D0000B1EC /* Project object */ = {
			isa = PBXProject;
			attributes = {
				LastSwiftUpdateCheck = 1140;
				LastUpgradeCheck = 1140;
				ORGANIZATIONNAME = "Abdul Diallo";
				TargetAttributes = {
					C0095E3024D07E8D0000B1EC = {
						CreatedOnToolsVersion = 11.4.1;
					};
				};
			};
			buildConfigurationList = C0095E2C24D07E8D0000B1EC /* Build configuration list for PBXProject "Choizi" */;
			compatibilityVersion = "Xcode 9.3";
			developmentRegion = en;
			hasScannedForEncodings = 0;
			knownRegions = (
				en,
				Base,
			);
			mainGroup = C0095E2824D07E8D0000B1EC;
			productRefGroup = C0095E3224D07E8D0000B1EC /* Products */;
			projectDirPath = "";
			projectRoot = "";
			targets = (
				C0095E3024D07E8D0000B1EC /* Choizi */,
			);
		};
/* End PBXProject section */

/* Begin PBXResourcesBuildPhase section */
		C0095E2F24D07E8D0000B1EC /* Resources */ = {
			isa = PBXResourcesBuildPhase;
			buildActionMask = 2147483647;
			files = (
				C0095E4124D07E940000B1EC /* LaunchScreen.storyboard in Resources */,
				C0A377CF24EEC2CB001BA545 /* GoogleService-Info.plist in Resources */,
				C0095E3E24D07E940000B1EC /* Assets.xcassets in Resources */,
			);
			runOnlyForDeploymentPostprocessing = 0;
		};
/* End PBXResourcesBuildPhase section */

/* Begin PBXShellScriptBuildPhase section */
		0EF36B231333729FB60C3E7F /* [CP] Embed Pods Frameworks */ = {
			isa = PBXShellScriptBuildPhase;
			buildActionMask = 2147483647;
			files = (
			);
			inputFileListPaths = (
				"${PODS_ROOT}/Target Support Files/Pods-Choizi/Pods-Choizi-frameworks-${CONFIGURATION}-input-files.xcfilelist",
			);
			name = "[CP] Embed Pods Frameworks";
			outputFileListPaths = (
				"${PODS_ROOT}/Target Support Files/Pods-Choizi/Pods-Choizi-frameworks-${CONFIGURATION}-output-files.xcfilelist",
			);
			runOnlyForDeploymentPostprocessing = 0;
			shellPath = /bin/sh;
			shellScript = "\"${PODS_ROOT}/Target Support Files/Pods-Choizi/Pods-Choizi-frameworks.sh\"\n";
			showEnvVarsInLog = 0;
		};
		9BC70D0E743AF3D1310C7830 /* [CP] Check Pods Manifest.lock */ = {
			isa = PBXShellScriptBuildPhase;
			buildActionMask = 2147483647;
			files = (
			);
			inputFileListPaths = (
			);
			inputPaths = (
				"${PODS_PODFILE_DIR_PATH}/Podfile.lock",
				"${PODS_ROOT}/Manifest.lock",
			);
			name = "[CP] Check Pods Manifest.lock";
			outputFileListPaths = (
			);
			outputPaths = (
				"$(DERIVED_FILE_DIR)/Pods-Choizi-checkManifestLockResult.txt",
			);
			runOnlyForDeploymentPostprocessing = 0;
			shellPath = /bin/sh;
			shellScript = "diff \"${PODS_PODFILE_DIR_PATH}/Podfile.lock\" \"${PODS_ROOT}/Manifest.lock\" > /dev/null\nif [ $? != 0 ] ; then\n    # print error to STDERR\n    echo \"error: The sandbox is not in sync with the Podfile.lock. Run 'pod install' or update your CocoaPods installation.\" >&2\n    exit 1\nfi\n# This output is used by Xcode 'outputs' to avoid re-running this script phase.\necho \"SUCCESS\" > \"${SCRIPT_OUTPUT_FILE_0}\"\n";
			showEnvVarsInLog = 0;
		};
/* End PBXShellScriptBuildPhase section */

/* Begin PBXSourcesBuildPhase section */
		C0095E2D24D07E8D0000B1EC /* Sources */ = {
			isa = PBXSourcesBuildPhase;
			buildActionMask = 2147483647;
			files = (
				C0095E5424D0E4090000B1EC /* View.swift in Sources */,
				C05EE6B824D8C41E00C08BA8 /* Login.swift in Sources */,
				C06FCF0024F368DD00DDC078 /* Conversation.swift in Sources */,
				C0F1CF5324F5905D0052488D /* Profile.swift in Sources */,
				C0F1CF4D24F49EEA0052488D /* SettingFooter.swift in Sources */,
				C0A377D524EED660001BA545 /* Service.swift in Sources */,
				C0F1CF5724F6D0FF0052488D /* ProfileViewModel.swift in Sources */,
				C0F1CF5524F6B5D60052488D /* ProfileCell.swift in Sources */,
				C0095E3524D07E8D0000B1EC /* AppDelegate.swift in Sources */,
				C0095E5824D108260000B1EC /* Card.swift in Sources */,
				C0ADE19924F16E73009183A0 /* SettingHeader.swift in Sources */,
				C0095E5024D07F6B0000B1EC /* Home.swift in Sources */,
				C0EA2B3824F019D80034154B /* TextField.swift in Sources */,
				C05EE6B324D8860C00C08BA8 /* User.swift in Sources */,
				C0EA2B3624F019AD0034154B /* Buttons.swift in Sources */,
				C0095E5624D0F3DB0000B1EC /* FooterHomeBar.swift in Sources */,
				C0B430A524FEBEDA004BFFC5 /* MatchView.swift in Sources */,
				C0ADE19B24F19C04009183A0 /* SettingCell.swift in Sources */,
				C0095E5224D0E0D70000B1EC /* HomeNavBar.swift in Sources */,
				C05EE6BC24DB223A00C08BA8 /* AuthViewModel.swift in Sources */,
				C03C4EE024F89C4B00475B4D /* SegmentBar.swift in Sources */,
				C05EE6BA24D8C44200C08BA8 /* SingUp.swift in Sources */,
				C0095E3724D07E8D0000B1EC /* SceneDelegate.swift in Sources */,
				C0F1CF5124F584410052488D /* Color.swift in Sources */,
				C0A377D124EEC8FB001BA545 /* AuthenticationService.swift in Sources */,
				C05EE6B524D8883D00C08BA8 /* CardViewModel.swift in Sources */,
				C0EA2B3C24F092510034154B /* Setting.swift in Sources */,
				C0ADE19D24F19D97009183A0 /* SettingViewModel.swift in Sources */,
				C0A377D324EEC93D001BA545 /* UserCredential.swift in Sources */,
				C0EA2B3A24F01A220034154B /* Constants.swift in Sources */,
			);
			runOnlyForDeploymentPostprocessing = 0;
		};
/* End PBXSourcesBuildPhase section */

/* Begin PBXVariantGroup section */
		C0095E3F24D07E940000B1EC /* LaunchScreen.storyboard */ = {
			isa = PBXVariantGroup;
			children = (
				C0095E4024D07E940000B1EC /* Base */,
			);
			name = LaunchScreen.storyboard;
			sourceTree = "<group>";
		};
/* End PBXVariantGroup section */

/* Begin XCBuildConfiguration section */
		C0095E4324D07E940000B1EC /* Debug */ = {
			isa = XCBuildConfiguration;
			buildSettings = {
				ALWAYS_SEARCH_USER_PATHS = NO;
				CLANG_ANALYZER_NONNULL = YES;
				CLANG_ANALYZER_NUMBER_OBJECT_CONVERSION = YES_AGGRESSIVE;
				CLANG_CXX_LANGUAGE_STANDARD = "gnu++14";
				CLANG_CXX_LIBRARY = "libc++";
				CLANG_ENABLE_MODULES = YES;
				CLANG_ENABLE_OBJC_ARC = YES;
				CLANG_ENABLE_OBJC_WEAK = YES;
				CLANG_WARN_BLOCK_CAPTURE_AUTORELEASING = YES;
				CLANG_WARN_BOOL_CONVERSION = YES;
				CLANG_WARN_COMMA = YES;
				CLANG_WARN_CONSTANT_CONVERSION = YES;
				CLANG_WARN_DEPRECATED_OBJC_IMPLEMENTATIONS = YES;
				CLANG_WARN_DIRECT_OBJC_ISA_USAGE = YES_ERROR;
				CLANG_WARN_DOCUMENTATION_COMMENTS = YES;
				CLANG_WARN_EMPTY_BODY = YES;
				CLANG_WARN_ENUM_CONVERSION = YES;
				CLANG_WARN_INFINITE_RECURSION = YES;
				CLANG_WARN_INT_CONVERSION = YES;
				CLANG_WARN_NON_LITERAL_NULL_CONVERSION = YES;
				CLANG_WARN_OBJC_IMPLICIT_RETAIN_SELF = YES;
				CLANG_WARN_OBJC_LITERAL_CONVERSION = YES;
				CLANG_WARN_OBJC_ROOT_CLASS = YES_ERROR;
				CLANG_WARN_RANGE_LOOP_ANALYSIS = YES;
				CLANG_WARN_STRICT_PROTOTYPES = YES;
				CLANG_WARN_SUSPICIOUS_MOVE = YES;
				CLANG_WARN_UNGUARDED_AVAILABILITY = YES_AGGRESSIVE;
				CLANG_WARN_UNREACHABLE_CODE = YES;
				CLANG_WARN__DUPLICATE_METHOD_MATCH = YES;
				COPY_PHASE_STRIP = NO;
				DEBUG_INFORMATION_FORMAT = dwarf;
				ENABLE_STRICT_OBJC_MSGSEND = YES;
				ENABLE_TESTABILITY = YES;
				GCC_C_LANGUAGE_STANDARD = gnu11;
				GCC_DYNAMIC_NO_PIC = NO;
				GCC_NO_COMMON_BLOCKS = YES;
				GCC_OPTIMIZATION_LEVEL = 0;
				GCC_PREPROCESSOR_DEFINITIONS = (
					"DEBUG=1",
					"$(inherited)",
				);
				GCC_WARN_64_TO_32_BIT_CONVERSION = YES;
				GCC_WARN_ABOUT_RETURN_TYPE = YES_ERROR;
				GCC_WARN_UNDECLARED_SELECTOR = YES;
				GCC_WARN_UNINITIALIZED_AUTOS = YES_AGGRESSIVE;
				GCC_WARN_UNUSED_FUNCTION = YES;
				GCC_WARN_UNUSED_VARIABLE = YES;
				IPHONEOS_DEPLOYMENT_TARGET = 13.4;
				MTL_ENABLE_DEBUG_INFO = INCLUDE_SOURCE;
				MTL_FAST_MATH = YES;
				ONLY_ACTIVE_ARCH = YES;
				SDKROOT = iphoneos;
				SWIFT_ACTIVE_COMPILATION_CONDITIONS = DEBUG;
				SWIFT_OPTIMIZATION_LEVEL = "-Onone";
			};
			name = Debug;
		};
		C0095E4424D07E940000B1EC /* Release */ = {
			isa = XCBuildConfiguration;
			buildSettings = {
				ALWAYS_SEARCH_USER_PATHS = NO;
				CLANG_ANALYZER_NONNULL = YES;
				CLANG_ANALYZER_NUMBER_OBJECT_CONVERSION = YES_AGGRESSIVE;
				CLANG_CXX_LANGUAGE_STANDARD = "gnu++14";
				CLANG_CXX_LIBRARY = "libc++";
				CLANG_ENABLE_MODULES = YES;
				CLANG_ENABLE_OBJC_ARC = YES;
				CLANG_ENABLE_OBJC_WEAK = YES;
				CLANG_WARN_BLOCK_CAPTURE_AUTORELEASING = YES;
				CLANG_WARN_BOOL_CONVERSION = YES;
				CLANG_WARN_COMMA = YES;
				CLANG_WARN_CONSTANT_CONVERSION = YES;
				CLANG_WARN_DEPRECATED_OBJC_IMPLEMENTATIONS = YES;
				CLANG_WARN_DIRECT_OBJC_ISA_USAGE = YES_ERROR;
				CLANG_WARN_DOCUMENTATION_COMMENTS = YES;
				CLANG_WARN_EMPTY_BODY = YES;
				CLANG_WARN_ENUM_CONVERSION = YES;
				CLANG_WARN_INFINITE_RECURSION = YES;
				CLANG_WARN_INT_CONVERSION = YES;
				CLANG_WARN_NON_LITERAL_NULL_CONVERSION = YES;
				CLANG_WARN_OBJC_IMPLICIT_RETAIN_SELF = YES;
				CLANG_WARN_OBJC_LITERAL_CONVERSION = YES;
				CLANG_WARN_OBJC_ROOT_CLASS = YES_ERROR;
				CLANG_WARN_RANGE_LOOP_ANALYSIS = YES;
				CLANG_WARN_STRICT_PROTOTYPES = YES;
				CLANG_WARN_SUSPICIOUS_MOVE = YES;
				CLANG_WARN_UNGUARDED_AVAILABILITY = YES_AGGRESSIVE;
				CLANG_WARN_UNREACHABLE_CODE = YES;
				CLANG_WARN__DUPLICATE_METHOD_MATCH = YES;
				COPY_PHASE_STRIP = NO;
				DEBUG_INFORMATION_FORMAT = "dwarf-with-dsym";
				ENABLE_NS_ASSERTIONS = NO;
				ENABLE_STRICT_OBJC_MSGSEND = YES;
				GCC_C_LANGUAGE_STANDARD = gnu11;
				GCC_NO_COMMON_BLOCKS = YES;
				GCC_WARN_64_TO_32_BIT_CONVERSION = YES;
				GCC_WARN_ABOUT_RETURN_TYPE = YES_ERROR;
				GCC_WARN_UNDECLARED_SELECTOR = YES;
				GCC_WARN_UNINITIALIZED_AUTOS = YES_AGGRESSIVE;
				GCC_WARN_UNUSED_FUNCTION = YES;
				GCC_WARN_UNUSED_VARIABLE = YES;
				IPHONEOS_DEPLOYMENT_TARGET = 13.4;
				MTL_ENABLE_DEBUG_INFO = NO;
				MTL_FAST_MATH = YES;
				SDKROOT = iphoneos;
				SWIFT_COMPILATION_MODE = wholemodule;
				SWIFT_OPTIMIZATION_LEVEL = "-O";
				VALIDATE_PRODUCT = YES;
			};
			name = Release;
		};
		C0095E4624D07E940000B1EC /* Debug */ = {
			isa = XCBuildConfiguration;
			baseConfigurationReference = AD109EBA9D5D2F2B51DC6940 /* Pods-Choizi.debug.xcconfig */;
			buildSettings = {
				ASSETCATALOG_COMPILER_APPICON_NAME = AppIcon;
				CODE_SIGN_STYLE = Automatic;
				DEVELOPMENT_TEAM = ZNY957A2G6;
				INFOPLIST_FILE = Choizi/Info.plist;
				LD_RUNPATH_SEARCH_PATHS = (
					"$(inherited)",
					"@executable_path/Frameworks",
				);
				PRODUCT_BUNDLE_IDENTIFIER = com.abdulCo.Choizi;
				PRODUCT_NAME = "$(TARGET_NAME)";
				SWIFT_VERSION = 5.0;
				TARGETED_DEVICE_FAMILY = "1,2";
			};
			name = Debug;
		};
		C0095E4724D07E940000B1EC /* Release */ = {
			isa = XCBuildConfiguration;
			baseConfigurationReference = 45293F00339A7ADD36139E43 /* Pods-Choizi.release.xcconfig */;
			buildSettings = {
				ASSETCATALOG_COMPILER_APPICON_NAME = AppIcon;
				CODE_SIGN_STYLE = Automatic;
				DEVELOPMENT_TEAM = ZNY957A2G6;
				INFOPLIST_FILE = Choizi/Info.plist;
				LD_RUNPATH_SEARCH_PATHS = (
					"$(inherited)",
					"@executable_path/Frameworks",
				);
				PRODUCT_BUNDLE_IDENTIFIER = com.abdulCo.Choizi;
				PRODUCT_NAME = "$(TARGET_NAME)";
				SWIFT_VERSION = 5.0;
				TARGETED_DEVICE_FAMILY = "1,2";
			};
			name = Release;
		};
/* End XCBuildConfiguration section */

/* Begin XCConfigurationList section */
		C0095E2C24D07E8D0000B1EC /* Build configuration list for PBXProject "Choizi" */ = {
			isa = XCConfigurationList;
			buildConfigurations = (
				C0095E4324D07E940000B1EC /* Debug */,
				C0095E4424D07E940000B1EC /* Release */,
			);
			defaultConfigurationIsVisible = 0;
			defaultConfigurationName = Release;
		};
		C0095E4524D07E940000B1EC /* Build configuration list for PBXNativeTarget "Choizi" */ = {
			isa = XCConfigurationList;
			buildConfigurations = (
				C0095E4624D07E940000B1EC /* Debug */,
				C0095E4724D07E940000B1EC /* Release */,
			);
			defaultConfigurationIsVisible = 0;
			defaultConfigurationName = Release;
		};
/* End XCConfigurationList section */
	};
	rootObject = C0095E2924D07E8D0000B1EC /* Project object */;
}
